
Microsoft Visual Studio Solution File, Format Version 12.00
# Visual Studio 15
VisualStudioVersion = 15.0.26730.16
MinimumVisualStudioVersion = 10.0.40219.1
Project("{8BC9CEB8-8B4A-11D0-8D11-00A0C91BC942}") = "B00mberman", "B00mberman\B00mberman.vcxproj", "{88FA7229-E2A7-480B-81FD-2B742E31A8B7}"
EndProject
Global
	GlobalSection(SolutionConfigurationPlatforms) = preSolution
		Debug|x64 = Debug|x64
		Debug|x86 = Debug|x86
		Release|x64 = Release|x64
		Release|x86 = Release|x86
	EndGlobalSection
	GlobalSection(ProjectConfigurationPlatforms) = postSolution
		{88FA7229-E2A7-480B-81FD-2B742E31A8B7}.Debug|x64.ActiveCfg = Debug|x64
		{88FA7229-E2A7-480B-81FD-2B742E31A8B7}.Debug|x64.Build.0 = Debug|x64
		{88FA7229-E2A7-480B-81FD-2B742E31A8B7}.Debug|x86.ActiveCfg = Debug|Win32
		{88FA7229-E2A7-480B-81FD-2B742E31A8B7}.Debug|x86.Build.0 = Debug|Win32
		{88FA7229-E2A7-480B-81FD-2B742E31A8B7}.Release|x64.ActiveCfg = Release|x64
		{88FA7229-E2A7-480B-81FD-2B742E31A8B7}.Release|x64.Build.0 = Release|x64
		{88FA7229-E2A7-480B-81FD-2B742E31A8B7}.Release|x86.ActiveCfg = Release|Win32
		{88FA7229-E2A7-480B-81FD-2B742E31A8B7}.Release|x86.Build.0 = Release|Win32
	EndGlobalSection
	GlobalSection(SolutionProperties) = preSolution
		HideSolutionNode = FALSE
	EndGlobalSection
	GlobalSection(ExtensibilityGlobals) = postSolution
		SolutionGuid = {1EA8A4E7-006E-4CA7-8A2F-F44AFB4EF89D}
	EndGlobalSection
EndGlobal
